{
  "version": 4,
  "terraform_version": "1.12.1",
  "serial": 3,
  "lineage": "92191752-1e00-eaf8-4ee8-9261105acd26",
  "outputs": {
    "droplet_ip": {
      "value": "167.99.150.116",
      "type": "string"
    },
    "grafana_url": {
      "value": "http://167.99.150.116:3000",
      "type": "string"
    },
    "prometheus_url": {
      "value": "http://167.99.150.116:9090",
      "type": "string"
    }
  },
  "resources": [
    {
      "mode": "data",
      "type": "digitalocean_ssh_key",
      "name": "monitoring_key",
      "provider": "provider[\"registry.terraform.io/digitalocean/digitalocean\"]",
      "instances": [
        {
          "schema_version": 0,
          "attributes": {
            "fingerprint": "cf:c3:59:3c:a4:ad:14:29:f1:01:b0:68:44:ab:06:92",
            "id": 48164897,
            "name": "MacBook",
            "public_key": "ssh-rsa AAAAB3NzaC1yc2EAAAADAQABAAACAQCxG+w6cDEAIGPCqXewMbtarrZkJmv6x4jFkyg8BZmsC1E+Ab42yN596J8enyarU3qKcIST5+QpD0iZWB8NA7EKhMDFGLsry1tErz8xa/he1q8+fLKRZW711Ajax0Tx3XsrP0t4jG+2NVbW+YGNotp4CrVWwH4SMCoL6yTWv4qz81Bfd6YexnGXYEQU5zmqoNnt+Jf6iw+lxMAieiUtBVYlODrAH9e4ECitgC9BrAUfaBPDISBGHumwlMczUzrw+Xg8AFVqmVZeInUNcYxv4uzbcj3CcyUtUIPoUXGN2SMzs4V1214eRFQz9SmNSnX1wt09caqENLIkiM963CqCYsLvJXyAWEfA/7hvdGsOO8hfwYFV+bW5V6miodYQHC+BfALJsd4sdAuObF57F3Y03cswm6AQ3Ukczy5IjOZBi5pwSFfWlo472CvXVwKZBBugKqlICKnvqb2igZ9vmG6Vf4V8Jgq11elWmSH0+lI7Vwj4/4eUO4qBbFQvHbHH76N//cVNAs5xr1rH97dXuArTbTrrPsD7nlcgjbAxwEGTGFFRGYu2+CX0+NK7yVnwu3QCL4lxyYtS6AXG/54KGKYhZ7bLkOiCdeyNCq3RcpZygQ8i4o/Xj3+2RjK1AjUiHEJuHQw6uJW+7eazz8+wd/ouLgt45dcCoe0GRELDHWJQmkSCFQ== brunovieiranobre@MacBook-Air-de-Bruno.local"
          },
          "sensitive_attributes": [],
          "identity_schema_version": 0
        }
      ]
    },
    {
      "mode": "managed",
      "type": "digitalocean_droplet",
      "name": "monitoring_server",
      "provider": "provider[\"registry.terraform.io/digitalocean/digitalocean\"]",
      "instances": [
        {
          "schema_version": 1,
          "attributes": {
            "backup_policy": [],
            "backups": false,
            "created_at": "2025-06-10T01:46:15Z",
            "disk": 25,
            "droplet_agent": null,
            "graceful_shutdown": false,
            "id": "501349275",
            "image": "ubuntu-22-04-x64",
            "ipv4_address": "167.99.150.116",
            "ipv4_address_private": "10.116.0.6",
            "ipv6": false,
            "ipv6_address": "",
            "locked": false,
            "memory": 1024,
            "monitoring": false,
            "name": "monitoring-server",
            "price_hourly": 0.00893,
            "price_monthly": 6,
            "private_networking": true,
            "region": "nyc1",
            "resize_disk": true,
            "size": "s-1vcpu-1gb",
            "ssh_keys": [
              "48164897"
            ],
            "status": "active",
            "tags": [
              "monitoring",
              "terraform"
            ],
            "timeouts": null,
            "urn": "do:droplet:501349275",
            "user_data": null,
            "vcpus": 1,
            "volume_ids": [],
            "vpc_uuid": "940b357c-6db3-4504-8f0c-80107d9eee7c"
          },
          "sensitive_attributes": [],
          "identity_schema_version": 0,
          "private": "eyJlMmJmYjczMC1lY2FhLTExZTYtOGY4OC0zNDM2M2JjN2M0YzAiOnsiY3JlYXRlIjozNjAwMDAwMDAwMDAwLCJkZWxldGUiOjYwMDAwMDAwMDAwLCJ1cGRhdGUiOjM2MDAwMDAwMDAwMDB9LCJzY2hlbWFfdmVyc2lvbiI6IjEifQ==",
          "dependencies": [
            "data.digitalocean_ssh_key.monitoring_key"
          ]
        }
      ]
    },
    {
      "mode": "managed",
      "type": "digitalocean_firewall",
      "name": "monitoring_firewall",
      "provider": "provider[\"registry.terraform.io/digitalocean/digitalocean\"]",
      "instances": [
        {
          "schema_version": 0,
          "attributes": {
            "created_at": "2025-06-10T01:47:09Z",
            "droplet_ids": [
              501349275
            ],
            "id": "67a90c85-d3ea-4580-b127-7f37f4c897b9",
            "inbound_rule": [
              {
                "port_range": "22",
                "protocol": "tcp",
                "source_addresses": [
                  "0.0.0.0/0",
                  "::/0"
                ],
                "source_droplet_ids": [],
                "source_kubernetes_ids": [],
                "source_load_balancer_uids": [],
                "source_tags": []
              },
              {
                "port_range": "3000",
                "protocol": "tcp",
                "source_addresses": [
                  "0.0.0.0/0",
                  "::/0"
                ],
                "source_droplet_ids": [],
                "source_kubernetes_ids": [],
                "source_load_balancer_uids": [],
                "source_tags": []
              },
              {
                "port_range": "443",
                "protocol": "tcp",
                "source_addresses": [
                  "0.0.0.0/0",
                  "::/0"
                ],
                "source_droplet_ids": [],
                "source_kubernetes_ids": [],
                "source_load_balancer_uids": [],
                "source_tags": []
              },
              {
                "port_range": "80",
                "protocol": "tcp",
                "source_addresses": [
                  "0.0.0.0/0",
                  "::/0"
                ],
                "source_droplet_ids": [],
                "source_kubernetes_ids": [],
                "source_load_balancer_uids": [],
                "source_tags": []
              },
              {
                "port_range": "9090",
                "protocol": "tcp",
                "source_addresses": [
                  "0.0.0.0/0",
                  "::/0"
                ],
                "source_droplet_ids": [],
                "source_kubernetes_ids": [],
                "source_load_balancer_uids": [],
                "source_tags": []
              }
            ],
            "name": "monitoring-firewall",
            "outbound_rule": [
              {
                "destination_addresses": [
                  "0.0.0.0/0",
                  "::/0"
                ],
                "destination_droplet_ids": [],
                "destination_kubernetes_ids": [],
                "destination_load_balancer_uids": [],
                "destination_tags": [],
                "port_range": "",
                "protocol": "icmp"
              },
              {
                "destination_addresses": [
                  "0.0.0.0/0",
                  "::/0"
                ],
                "destination_droplet_ids": [],
                "destination_kubernetes_ids": [],
                "destination_load_balancer_uids": [],
                "destination_tags": [],
                "port_range": "1-65535",
                "protocol": "tcp"
              },
              {
                "destination_addresses": [
                  "0.0.0.0/0",
                  "::/0"
                ],
                "destination_droplet_ids": [],
                "destination_kubernetes_ids": [],
                "destination_load_balancer_uids": [],
                "destination_tags": [],
                "port_range": "1-65535",
                "protocol": "udp"
              }
            ],
            "pending_changes": [
              {
                "droplet_id": 501349275,
                "removing": false,
                "status": "waiting"
              }
            ],
            "status": "waiting",
            "tags": null
          },
          "sensitive_attributes": [],
          "identity_schema_version": 0,
          "private": "bnVsbA==",
          "dependencies": [
            "data.digitalocean_ssh_key.monitoring_key",
            "digitalocean_droplet.monitoring_server"
          ]
        }
      ]
    }
  ],
  "check_results": null
}
